lockfileVersion: '6.1'

settings:
  autoInstallPeers: true
  excludeLinksFromLockfile: false

dependencies:
  '@ant-design/icons':
    specifier: ^5.1.4
    version: 5.1.4(react-dom@18.2.0)(react@18.2.0)

packages:

  /@ant-design/colors@7.0.0:
    resolution: {integrity: sha512-iVm/9PfGCbC0dSMBrz7oiEXZaaGH7ceU40OJEfKmyuzR9R5CRimJYPlRiFtMQGQcbNMea/ePcoIebi4ASGYXtg==}
    dependencies:
      '@ctrl/tinycolor': 3.6.0
    dev: false

  /@ant-design/icons-svg@4.2.1:
    resolution: {integrity: sha512-EB0iwlKDGpG93hW8f85CTJTs4SvMX7tt5ceupvhALp1IF44SeUFOMhKUOYqpsoYWQKAOuTRDMqn75rEaKDp0Xw==}
    dev: false

  /@ant-design/icons@5.1.4(react-dom@18.2.0)(react@18.2.0):
    resolution: {integrity: sha512-YHKL7Jx3bM12OxvtiYDon04BsBT/6LGitYEqar3GljzWaAyMOAD8i/uF1Rsi5Us/YNdWWXBGSvZV2OZWMpJlcA==}
    engines: {node: '>=8'}
    peerDependencies:
      react: '>=16.0.0'
      react-dom: '>=16.0.0'
    dependencies:
      '@ant-design/colors': 7.0.0
      '@ant-design/icons-svg': 4.2.1
      '@babel/runtime': 7.22.5
      classnames: 2.3.2
      rc-util: 5.33.1(react-dom@18.2.0)(react@18.2.0)
      react: 18.2.0
      react-dom: 18.2.0(react@18.2.0)
    dev: false

  /@babel/runtime@7.22.5:
    resolution: {integrity: sha512-ecjvYlnAaZ/KVneE/OdKYBYfgXV3Ptu6zQWmgEF7vwKhQnvVS6bjMD2XYgj+SNvQ1GfK/pjgokfPkC/2CO8CuA==}
    engines: {node: '>=6.9.0'}
    dependencies:
      regenerator-runtime: 0.13.11
    dev: false

  /@ctrl/tinycolor@3.6.0:
    resolution: {integrity: sha512-/Z3l6pXthq0JvMYdUFyX9j0MaCltlIn6mfh9jLyQwg5aPKxkyNa0PTHtU1AlFXLNk55ZuAeJRcpvq+tmLfKmaQ==}
    engines: {node: '>=10'}
    dev: false

  /classnames@2.3.2:
    resolution: {integrity: sha512-CSbhY4cFEJRe6/GQzIk5qXZ4Jeg5pcsP7b5peFSDpffpe1cqjASH/n9UTjBwOp6XpMSTwQ8Za2K5V02ueA7Tmw==}
    dev: false

  /js-tokens@4.0.0:
    resolution: {integrity: sha512-RdJUflcE3cUzKiMqQgsCu06FPu9UdIJO0beYbPhHN4k6apgJtifcoCtT9bcxOpYBtpD2kCM6Sbzg4CausW/PKQ==}
    dev: false

  /loose-envify@1.4.0:
    resolution: {integrity: sha512-lyuxPGr/Wfhrlem2CL/UcnUc1zcqKAImBDzukY7Y5F/yQiNdko6+fRLevlw1HgMySw7f611UIY408EtxRSoK3Q==}
    hasBin: true
    dependencies:
      js-tokens: 4.0.0
    dev: false

  /rc-util@5.33.1(react-dom@18.2.0)(react@18.2.0):
    resolution: {integrity: sha512-oMs2OIV/2lUCF8nllevzLccneyxAzdSOaHSs5y91qOLdqaLbIMsuL49C6/DhF/WKMqiAKEKGdVk2F1sB5HQe9A==}
    peerDependencies:
      react: '>=16.9.0'
      react-dom: '>=16.9.0'
    dependencies:
      '@babel/runtime': 7.22.5
      react: 18.2.0
      react-dom: 18.2.0(react@18.2.0)
      react-is: 16.13.1
    dev: false

  /react-dom@18.2.0(react@18.2.0):
    resolution: {integrity: sha512-6IMTriUmvsjHUjNtEDudZfuDQUoWXVxKHhlEGSk81n4YFS+r/Kl99wXiwlVXtPBtJenozv2P+hxDsw9eA7Xo6g==}
    peerDependencies:
      react: ^18.2.0
    dependencies:
      loose-envify: 1.4.0
      react: 18.2.0
      scheduler: 0.23.0
    dev: false

  /react-is@16.13.1:
    resolution: {integrity: sha512-24e6ynE2H+OKt4kqsOvNd8kBpV65zoxbA4BVsEOB3ARVWQki/DHzaUoC5KuON/BiccDaCCTZBuOcfZs70kR8bQ==}
    dev: false

  /react@18.2.0:
    resolution: {integrity: sha512-/3IjMdb2L9QbBdWiW5e3P2/npwMBaU9mHCSCUzNln0ZCYbcfTsGbTJrU/kGemdH2IWmB2ioZ+zkxtmq6g09fGQ==}
    engines: {node: '>=0.10.0'}
    dependencies:
      loose-envify: 1.4.0
    dev: false

  /regenerator-runtime@0.13.11:
    resolution: {integrity: sha512-kY1AZVr2Ra+t+piVaJ4gxaFaReZVH40AKNo7UCX6W+dEwBo/2oZJzqfuN1qLq1oL45o56cPaTXELwrTh8Fpggg==}
    dev: false

  /scheduler@0.23.0:
    resolution: {integrity: sha512-CtuThmgHNg7zIZWAXi3AsyIzA3n4xx7aNyjwC2VJldO2LMVDhFK+63xGqq6CsJH4rTAt6/M+N4GhZiDYPx9eUw==}
    dependencies:
      loose-envify: 1.4.0
    dev: false
